// !$*UTF8*$!
{
	archiveVersion = 1;
	classes = {
	};
	objectVersion = 56;
	objects = {

/* Begin PBXBuildFile section */
		CA96FCA42A44579700E0945B /* AppDelegate.swift in Sources */ = {isa = PBXBuildFile; fileRef = CA96FCA32A44579700E0945B /* AppDelegate.swift */; };
		CA96FCA62A44579700E0945B /* SceneDelegate.swift in Sources */ = {isa = PBXBuildFile; fileRef = CA96FCA52A44579700E0945B /* SceneDelegate.swift */; };
		CA96FCA82A44579700E0945B /* ViewController.swift in Sources */ = {isa = PBXBuildFile; fileRef = CA96FCA72A44579700E0945B /* ViewController.swift */; };
		CA96FCAB2A44579700E0945B /* Main.storyboard in Resources */ = {isa = PBXBuildFile; fileRef = CA96FCA92A44579700E0945B /* Main.storyboard */; };
		CA96FCAD2A44579900E0945B /* Assets.xcassets in Resources */ = {isa = PBXBuildFile; fileRef = CA96FCAC2A44579900E0945B /* Assets.xcassets */; };
		CA96FCB02A44579900E0945B /* LaunchScreen.storyboard in Resources */ = {isa = PBXBuildFile; fileRef = CA96FCAE2A44579900E0945B /* LaunchScreen.storyboard */; };
		CA96FCBE2A45D8B700E0945B /* Presenter.swift in Sources */ = {isa = PBXBuildFile; fileRef = CA96FCBD2A45D8B700E0945B /* Presenter.swift */; };
		CA96FCC02A45D8EB00E0945B /* View.swift in Sources */ = {isa = PBXBuildFile; fileRef = CA96FCBF2A45D8EB00E0945B /* View.swift */; };
		CA96FCC22A45D92100E0945B /* Model.swift in Sources */ = {isa = PBXBuildFile; fileRef = CA96FCC12A45D92100E0945B /* Model.swift */; };
		CAA235402A4605AD005630B5 /* MenuViewController.swift in Sources */ = {isa = PBXBuildFile; fileRef = CAA2353F2A4605AD005630B5 /* MenuViewController.swift */; };
		CAA235422A4605F4005630B5 /* ContactsViewController.swift in Sources */ = {isa = PBXBuildFile; fileRef = CAA235412A4605F4005630B5 /* ContactsViewController.swift */; };
		CAA235442A460640005630B5 /* ProfileViewController.swift in Sources */ = {isa = PBXBuildFile; fileRef = CAA235432A460640005630B5 /* ProfileViewController.swift */; };
		CAA235462A46069D005630B5 /* CartViewController.swift in Sources */ = {isa = PBXBuildFile; fileRef = CAA235452A46069D005630B5 /* CartViewController.swift */; };
		CAA235482A460F87005630B5 /* APIDataSource.swift in Sources */ = {isa = PBXBuildFile; fileRef = CAA235472A460F87005630B5 /* APIDataSource.swift */; };
/* End PBXBuildFile section */

/* Begin PBXFileReference section */
		CA96FCA02A44579700E0945B /* TestAppHummerSystem.app */ = {isa = PBXFileReference; explicitFileType = wrapper.application; includeInIndex = 0; path = TestAppHummerSystem.app; sourceTree = BUILT_PRODUCTS_DIR; };
		CA96FCA32A44579700E0945B /* AppDelegate.swift */ = {isa = PBXFileReference; lastKnownFileType = sourcecode.swift; path = AppDelegate.swift; sourceTree = "<group>"; };
		CA96FCA52A44579700E0945B /* SceneDelegate.swift */ = {isa = PBXFileReference; lastKnownFileType = sourcecode.swift; path = SceneDelegate.swift; sourceTree = "<group>"; };
		CA96FCA72A44579700E0945B /* ViewController.swift */ = {isa = PBXFileReference; lastKnownFileType = sourcecode.swift; path = ViewController.swift; sourceTree = "<group>"; };
		CA96FCAA2A44579700E0945B /* Base */ = {isa = PBXFileReference; lastKnownFileType = file.storyboard; name = Base; path = Base.lproj/Main.storyboard; sourceTree = "<group>"; };
		CA96FCAC2A44579900E0945B /* Assets.xcassets */ = {isa = PBXFileReference; lastKnownFileType = folder.assetcatalog; path = Assets.xcassets; sourceTree = "<group>"; };
		CA96FCAF2A44579900E0945B /* Base */ = {isa = PBXFileReference; lastKnownFileType = file.storyboard; name = Base; path = Base.lproj/LaunchScreen.storyboard; sourceTree = "<group>"; };
		CA96FCB12A44579900E0945B /* Info.plist */ = {isa = PBXFileReference; lastKnownFileType = text.plist.xml; path = Info.plist; sourceTree = "<group>"; };
		CA96FCBD2A45D8B700E0945B /* Presenter.swift */ = {isa = PBXFileReference; lastKnownFileType = sourcecode.swift; path = Presenter.swift; sourceTree = "<group>"; };
		CA96FCBF2A45D8EB00E0945B /* View.swift */ = {isa = PBXFileReference; lastKnownFileType = sourcecode.swift; path = View.swift; sourceTree = "<group>"; };
		CA96FCC12A45D92100E0945B /* Model.swift */ = {isa = PBXFileReference; lastKnownFileType = sourcecode.swift; path = Model.swift; sourceTree = "<group>"; };
		CAA2353F2A4605AD005630B5 /* MenuViewController.swift */ = {isa = PBXFileReference; lastKnownFileType = sourcecode.swift; path = MenuViewController.swift; sourceTree = "<group>"; };
		CAA235412A4605F4005630B5 /* ContactsViewController.swift */ = {isa = PBXFileReference; lastKnownFileType = sourcecode.swift; path = ContactsViewController.swift; sourceTree = "<group>"; };
		CAA235432A460640005630B5 /* ProfileViewController.swift */ = {isa = PBXFileReference; lastKnownFileType = sourcecode.swift; path = ProfileViewController.swift; sourceTree = "<group>"; };
		CAA235452A46069D005630B5 /* CartViewController.swift */ = {isa = PBXFileReference; lastKnownFileType = sourcecode.swift; path = CartViewController.swift; sourceTree = "<group>"; };
		CAA235472A460F87005630B5 /* APIDataSource.swift */ = {isa = PBXFileReference; lastKnownFileType = sourcecode.swift; path = APIDataSource.swift; sourceTree = "<group>"; };
/* End PBXFileReference section */

/* Begin PBXFrameworksBuildPhase section */
		CA96FC9D2A44579700E0945B /* Frameworks */ = {
			isa = PBXFrameworksBuildPhase;
			buildActionMask = 2147483647;
			files = (
			);
			runOnlyForDeploymentPostprocessing = 0;
		};
/* End PBXFrameworksBuildPhase section */

/* Begin PBXGroup section */
		CA96FC972A44579700E0945B = {
			isa = PBXGroup;
			children = (
				CA96FCA22A44579700E0945B /* TestAppHummerSystem */,
				CA96FCA12A44579700E0945B /* Products */,
			);
			sourceTree = "<group>";
		};
		CA96FCA12A44579700E0945B /* Products */ = {
			isa = PBXGroup;
			children = (
				CA96FCA02A44579700E0945B /* TestAppHummerSystem.app */,
			);
			name = Products;
			sourceTree = "<group>";
		};
		CA96FCA22A44579700E0945B /* TestAppHummerSystem */ = {
			isa = PBXGroup;
			children = (
				CA96FCB12A44579900E0945B /* Info.plist */,
				CA96FCC32A45D93100E0945B /* Models */,
				CA96FCC42A45D94700E0945B /* Views */,
				CA96FCBC2A45D88A00E0945B /* Presenters */,
				CA96FCBB2A45B8C300E0945B /* Interface Builder */,
				CA96FCB92A44A4DA00E0945B /* Services */,
			);
			path = TestAppHummerSystem;
			sourceTree = "<group>";
		};
		CA96FCB92A44A4DA00E0945B /* Services */ = {
			isa = PBXGroup;
			children = (
				CA96FCA32A44579700E0945B /* AppDelegate.swift */,
				CA96FCA52A44579700E0945B /* SceneDelegate.swift */,
				CA96FCAC2A44579900E0945B /* Assets.xcassets */,
			);
			path = Services;
			sourceTree = "<group>";
		};
		CA96FCBB2A45B8C300E0945B /* Interface Builder */ = {
			isa = PBXGroup;
			children = (
				CA96FCA92A44579700E0945B /* Main.storyboard */,
				CA96FCAE2A44579900E0945B /* LaunchScreen.storyboard */,
			);
			path = "Interface Builder";
			sourceTree = "<group>";
		};
		CA96FCBC2A45D88A00E0945B /* Presenters */ = {
			isa = PBXGroup;
			children = (
				CA96FCBD2A45D8B700E0945B /* Presenter.swift */,
				CAA235472A460F87005630B5 /* APIDataSource.swift */,
			);
			path = Presenters;
			sourceTree = "<group>";
		};
		CA96FCC32A45D93100E0945B /* Models */ = {
			isa = PBXGroup;
			children = (
				CA96FCC12A45D92100E0945B /* Model.swift */,
			);
			path = Models;
			sourceTree = "<group>";
		};
		CA96FCC42A45D94700E0945B /* Views */ = {
			isa = PBXGroup;
			children = (
				CA96FCA72A44579700E0945B /* ViewController.swift */,
				CAA2353F2A4605AD005630B5 /* MenuViewController.swift */,
				CA96FCBF2A45D8EB00E0945B /* View.swift */,
				CAA235412A4605F4005630B5 /* ContactsViewController.swift */,
				CAA235432A460640005630B5 /* ProfileViewController.swift */,
				CAA235452A46069D005630B5 /* CartViewController.swift */,
			);
			path = Views;
			sourceTree = "<group>";
		};
/* End PBXGroup section */

/* Begin PBXNativeTarget section */
		CA96FC9F2A44579700E0945B /* TestAppHummerSystem */ = {
			isa = PBXNativeTarget;
			buildConfigurationList = CA96FCB42A44579900E0945B /* Build configuration list for PBXNativeTarget "TestAppHummerSystem" */;
			buildPhases = (
				CA96FC9C2A44579700E0945B /* Sources */,
				CA96FC9D2A44579700E0945B /* Frameworks */,
				CA96FC9E2A44579700E0945B /* Resources */,
			);
			buildRules = (
			);
			dependencies = (
			);
			name = TestAppHummerSystem;
			productName = TestAppHummerSystem;
			productReference = CA96FCA02A44579700E0945B /* TestAppHummerSystem.app */;
			productType = "com.apple.product-type.application";
		};
/* End PBXNativeTarget section */

/* Begin PBXProject section */
		CA96FC982A44579700E0945B /* Project object */ = {
			isa = PBXProject;
			attributes = {
				BuildIndependentTargetsInParallel = 1;
				LastSwiftUpdateCheck = 1430;
				LastUpgradeCheck = 1430;
				TargetAttributes = {
					CA96FC9F2A44579700E0945B = {
						CreatedOnToolsVersion = 14.3.1;
					};
				};
			};
			buildConfigurationList = CA96FC9B2A44579700E0945B /* Build configuration list for PBXProject "TestAppHummerSystem" */;
			compatibilityVersion = "Xcode 14.0";
			developmentRegion = en;
			hasScannedForEncodings = 0;
			knownRegions = (
				en,
				Base,
			);
			mainGroup = CA96FC972A44579700E0945B;
			productRefGroup = CA96FCA12A44579700E0945B /* Products */;
			projectDirPath = "";
			projectRoot = "";
			targets = (
				CA96FC9F2A44579700E0945B /* TestAppHummerSystem */,
			);
		};
/* End PBXProject section */

/* Begin PBXResourcesBuildPhase section */
		CA96FC9E2A44579700E0945B /* Resources */ = {
			isa = PBXResourcesBuildPhase;
			buildActionMask = 2147483647;
			files = (
				CA96FCB02A44579900E0945B /* LaunchScreen.storyboard in Resources */,
				CA96FCAD2A44579900E0945B /* Assets.xcassets in Resources */,
				CA96FCAB2A44579700E0945B /* Main.storyboard in Resources */,
			);
			runOnlyForDeploymentPostprocessing = 0;
		};
/* End PBXResourcesBuildPhase section */

/* Begin PBXSourcesBuildPhase section */
		CA96FC9C2A44579700E0945B /* Sources */ = {
			isa = PBXSourcesBuildPhase;
			buildActionMask = 2147483647;
			files = (
				CA96FCA82A44579700E0945B /* ViewController.swift in Sources */,
				CA96FCA42A44579700E0945B /* AppDelegate.swift in Sources */,
				CAA235462A46069D005630B5 /* CartViewController.swift in Sources */,
				CAA235482A460F87005630B5 /* APIDataSource.swift in Sources */,
				CA96FCC02A45D8EB00E0945B /* View.swift in Sources */,
				CAA235402A4605AD005630B5 /* MenuViewController.swift in Sources */,
				CA96FCC22A45D92100E0945B /* Model.swift in Sources */,
				CAA235422A4605F4005630B5 /* ContactsViewController.swift in Sources */,
				CAA235442A460640005630B5 /* ProfileViewController.swift in Sources */,
				CA96FCBE2A45D8B700E0945B /* Presenter.swift in Sources */,
				CA96FCA62A44579700E0945B /* SceneDelegate.swift in Sources */,
			);
			runOnlyForDeploymentPostprocessing = 0;
		};
/* End PBXSourcesBuildPhase section */

/* Begin PBXVariantGroup section */
		CA96FCA92A44579700E0945B /* Main.storyboard */ = {
			isa = PBXVariantGroup;
			children = (
				CA96FCAA2A44579700E0945B /* Base */,
			);
			name = Main.storyboard;
			sourceTree = "<group>";
		};
		CA96FCAE2A44579900E0945B /* LaunchScreen.storyboard */ = {
			isa = PBXVariantGroup;
			children = (
				CA96FCAF2A44579900E0945B /* Base */,
			);
			name = LaunchScreen.storyboard;
			sourceTree = "<group>";
		};
/* End PBXVariantGroup section */

/* Begin XCBuildConfiguration section */
		CA96FCB22A44579900E0945B /* Debug */ = {
			isa = XCBuildConfiguration;
			buildSettings = {
				ALWAYS_SEARCH_USER_PATHS = NO;
				CLANG_ANALYZER_NONNULL = YES;
				CLANG_ANALYZER_NUMBER_OBJECT_CONVERSION = YES_AGGRESSIVE;
				CLANG_CXX_LANGUAGE_STANDARD = "gnu++20";
				CLANG_ENABLE_MODULES = YES;
				CLANG_ENABLE_OBJC_ARC = YES;
				CLANG_ENABLE_OBJC_WEAK = YES;
				CLANG_WARN_BLOCK_CAPTURE_AUTORELEASING = YES;
				CLANG_WARN_BOOL_CONVERSION = YES;
				CLANG_WARN_COMMA = YES;
				CLANG_WARN_CONSTANT_CONVERSION = YES;
				CLANG_WARN_DEPRECATED_OBJC_IMPLEMENTATIONS = YES;
				CLANG_WARN_DIRECT_OBJC_ISA_USAGE = YES_ERROR;
				CLANG_WARN_DOCUMENTATION_COMMENTS = YES;
				CLANG_WARN_EMPTY_BODY = YES;
				CLANG_WARN_ENUM_CONVERSION = YES;
				CLANG_WARN_INFINITE_RECURSION = YES;
				CLANG_WARN_INT_CONVERSION = YES;
				CLANG_WARN_NON_LITERAL_NULL_CONVERSION = YES;
				CLANG_WARN_OBJC_IMPLICIT_RETAIN_SELF = YES;
				CLANG_WARN_OBJC_LITERAL_CONVERSION = YES;
				CLANG_WARN_OBJC_ROOT_CLASS = YES_ERROR;
				CLANG_WARN_QUOTED_INCLUDE_IN_FRAMEWORK_HEADER = YES;
				CLANG_WARN_RANGE_LOOP_ANALYSIS = YES;
				CLANG_WARN_STRICT_PROTOTYPES = YES;
				CLANG_WARN_SUSPICIOUS_MOVE = YES;
				CLANG_WARN_UNGUARDED_AVAILABILITY = YES_AGGRESSIVE;
				CLANG_WARN_UNREACHABLE_CODE = YES;
				CLANG_WARN__DUPLICATE_METHOD_MATCH = YES;
				COPY_PHASE_STRIP = NO;
				DEBUG_INFORMATION_FORMAT = dwarf;
				ENABLE_STRICT_OBJC_MSGSEND = YES;
				ENABLE_TESTABILITY = YES;
				GCC_C_LANGUAGE_STANDARD = gnu11;
				GCC_DYNAMIC_NO_PIC = NO;
				GCC_NO_COMMON_BLOCKS = YES;
				GCC_OPTIMIZATION_LEVEL = 0;
				GCC_PREPROCESSOR_DEFINITIONS = (
					"DEBUG=1",
					"$(inherited)",
				);
				GCC_WARN_64_TO_32_BIT_CONVERSION = YES;
				GCC_WARN_ABOUT_RETURN_TYPE = YES_ERROR;
				GCC_WARN_UNDECLARED_SELECTOR = YES;
				GCC_WARN_UNINITIALIZED_AUTOS = YES_AGGRESSIVE;
				GCC_WARN_UNUSED_FUNCTION = YES;
				GCC_WARN_UNUSED_VARIABLE = YES;
				IPHONEOS_DEPLOYMENT_TARGET = 16.4;
				MTL_ENABLE_DEBUG_INFO = INCLUDE_SOURCE;
				MTL_FAST_MATH = YES;
				ONLY_ACTIVE_ARCH = YES;
				SDKROOT = iphoneos;
				SWIFT_ACTIVE_COMPILATION_CONDITIONS = DEBUG;
				SWIFT_OPTIMIZATION_LEVEL = "-Onone";
			};
			name = Debug;
		};
		CA96FCB32A44579900E0945B /* Release */ = {
			isa = XCBuildConfiguration;
			buildSettings = {
				ALWAYS_SEARCH_USER_PATHS = NO;
				CLANG_ANALYZER_NONNULL = YES;
				CLANG_ANALYZER_NUMBER_OBJECT_CONVERSION = YES_AGGRESSIVE;
				CLANG_CXX_LANGUAGE_STANDARD = "gnu++20";
				CLANG_ENABLE_MODULES = YES;
				CLANG_ENABLE_OBJC_ARC = YES;
				CLANG_ENABLE_OBJC_WEAK = YES;
				CLANG_WARN_BLOCK_CAPTURE_AUTORELEASING = YES;
				CLANG_WARN_BOOL_CONVERSION = YES;
				CLANG_WARN_COMMA = YES;
				CLANG_WARN_CONSTANT_CONVERSION = YES;
				CLANG_WARN_DEPRECATED_OBJC_IMPLEMENTATIONS = YES;
				CLANG_WARN_DIRECT_OBJC_ISA_USAGE = YES_ERROR;
				CLANG_WARN_DOCUMENTATION_COMMENTS = YES;
				CLANG_WARN_EMPTY_BODY = YES;
				CLANG_WARN_ENUM_CONVERSION = YES;
				CLANG_WARN_INFINITE_RECURSION = YES;
				CLANG_WARN_INT_CONVERSION = YES;
				CLANG_WARN_NON_LITERAL_NULL_CONVERSION = YES;
				CLANG_WARN_OBJC_IMPLICIT_RETAIN_SELF = YES;
				CLANG_WARN_OBJC_LITERAL_CONVERSION = YES;
				CLANG_WARN_OBJC_ROOT_CLASS = YES_ERROR;
				CLANG_WARN_QUOTED_INCLUDE_IN_FRAMEWORK_HEADER = YES;
				CLANG_WARN_RANGE_LOOP_ANALYSIS = YES;
				CLANG_WARN_STRICT_PROTOTYPES = YES;
				CLANG_WARN_SUSPICIOUS_MOVE = YES;
				CLANG_WARN_UNGUARDED_AVAILABILITY = YES_AGGRESSIVE;
				CLANG_WARN_UNREACHABLE_CODE = YES;
				CLANG_WARN__DUPLICATE_METHOD_MATCH = YES;
				COPY_PHASE_STRIP = NO;
				DEBUG_INFORMATION_FORMAT = "dwarf-with-dsym";
				ENABLE_NS_ASSERTIONS = NO;
				ENABLE_STRICT_OBJC_MSGSEND = YES;
				GCC_C_LANGUAGE_STANDARD = gnu11;
				GCC_NO_COMMON_BLOCKS = YES;
				GCC_WARN_64_TO_32_BIT_CONVERSION = YES;
				GCC_WARN_ABOUT_RETURN_TYPE = YES_ERROR;
				GCC_WARN_UNDECLARED_SELECTOR = YES;
				GCC_WARN_UNINITIALIZED_AUTOS = YES_AGGRESSIVE;
				GCC_WARN_UNUSED_FUNCTION = YES;
				GCC_WARN_UNUSED_VARIABLE = YES;
				IPHONEOS_DEPLOYMENT_TARGET = 16.4;
				MTL_ENABLE_DEBUG_INFO = NO;
				MTL_FAST_MATH = YES;
				SDKROOT = iphoneos;
				SWIFT_COMPILATION_MODE = wholemodule;
				SWIFT_OPTIMIZATION_LEVEL = "-O";
				VALIDATE_PRODUCT = YES;
			};
			name = Release;
		};
		CA96FCB52A44579900E0945B /* Debug */ = {
			isa = XCBuildConfiguration;
			buildSettings = {
				ASSETCATALOG_COMPILER_APPICON_NAME = AppIcon;
				ASSETCATALOG_COMPILER_GLOBAL_ACCENT_COLOR_NAME = AccentColor;
				CODE_SIGN_STYLE = Automatic;
				CURRENT_PROJECT_VERSION = 1;
				DEVELOPMENT_TEAM = LKCXB3W5BN;
				GENERATE_INFOPLIST_FILE = YES;
				INFOPLIST_FILE = TestAppHummerSystem/Info.plist;
				INFOPLIST_KEY_UIApplicationSupportsIndirectInputEvents = YES;
				INFOPLIST_KEY_UILaunchStoryboardName = LaunchScreen;
				INFOPLIST_KEY_UIMainStoryboardFile = Main;
				INFOPLIST_KEY_UISupportedInterfaceOrientations_iPad = "UIInterfaceOrientationPortrait UIInterfaceOrientationPortraitUpsideDown UIInterfaceOrientationLandscapeLeft UIInterfaceOrientationLandscapeRight";
				INFOPLIST_KEY_UISupportedInterfaceOrientations_iPhone = "UIInterfaceOrientationPortrait UIInterfaceOrientationLandscapeLeft UIInterfaceOrientationLandscapeRight";
				LD_RUNPATH_SEARCH_PATHS = (
					"$(inherited)",
					"@executable_path/Frameworks",
				);
				MARKETING_VERSION = 1.0;
				PRODUCT_BUNDLE_IDENTIFIER = "Pavel-Krigin.TestAppHummerSystem";
				PRODUCT_NAME = "$(TARGET_NAME)";
				SWIFT_EMIT_LOC_STRINGS = YES;
				SWIFT_VERSION = 5.0;
				TARGETED_DEVICE_FAMILY = "1,2";
			};
			name = Debug;
		};
		CA96FCB62A44579900E0945B /* Release */ = {
			isa = XCBuildConfiguration;
			buildSettings = {
				ASSETCATALOG_COMPILER_APPICON_NAME = AppIcon;
				ASSETCATALOG_COMPILER_GLOBAL_ACCENT_COLOR_NAME = AccentColor;
				CODE_SIGN_STYLE = Automatic;
				CURRENT_PROJECT_VERSION = 1;
				DEVELOPMENT_TEAM = LKCXB3W5BN;
				GENERATE_INFOPLIST_FILE = YES;
				INFOPLIST_FILE = TestAppHummerSystem/Info.plist;
				INFOPLIST_KEY_UIApplicationSupportsIndirectInputEvents = YES;
				INFOPLIST_KEY_UILaunchStoryboardName = LaunchScreen;
				INFOPLIST_KEY_UIMainStoryboardFile = Main;
				INFOPLIST_KEY_UISupportedInterfaceOrientations_iPad = "UIInterfaceOrientationPortrait UIInterfaceOrientationPortraitUpsideDown UIInterfaceOrientationLandscapeLeft UIInterfaceOrientationLandscapeRight";
				INFOPLIST_KEY_UISupportedInterfaceOrientations_iPhone = "UIInterfaceOrientationPortrait UIInterfaceOrientationLandscapeLeft UIInterfaceOrientationLandscapeRight";
				LD_RUNPATH_SEARCH_PATHS = (
					"$(inherited)",
					"@executable_path/Frameworks",
				);
				MARKETING_VERSION = 1.0;
				PRODUCT_BUNDLE_IDENTIFIER = "Pavel-Krigin.TestAppHummerSystem";
				PRODUCT_NAME = "$(TARGET_NAME)";
				SWIFT_EMIT_LOC_STRINGS = YES;
				SWIFT_VERSION = 5.0;
				TARGETED_DEVICE_FAMILY = "1,2";
			};
			name = Release;
		};
/* End XCBuildConfiguration section */

/* Begin XCConfigurationList section */
		CA96FC9B2A44579700E0945B /* Build configuration list for PBXProject "TestAppHummerSystem" */ = {
			isa = XCConfigurationList;
			buildConfigurations = (
				CA96FCB22A44579900E0945B /* Debug */,
				CA96FCB32A44579900E0945B /* Release */,
			);
			defaultConfigurationIsVisible = 0;
			defaultConfigurationName = Release;
		};
		CA96FCB42A44579900E0945B /* Build configuration list for PBXNativeTarget "TestAppHummerSystem" */ = {
			isa = XCConfigurationList;
			buildConfigurations = (
				CA96FCB52A44579900E0945B /* Debug */,
				CA96FCB62A44579900E0945B /* Release */,
			);
			defaultConfigurationIsVisible = 0;
			defaultConfigurationName = Release;
		};
/* End XCConfigurationList section */
	};
	rootObject = CA96FC982A44579700E0945B /* Project object */;
}
